
Microsoft Visual Studio Solution File, Format Version 12.00
# Visual Studio Version 16
VisualStudioVersion = 16.0.31205.134
MinimumVisualStudioVersion = 10.0.40219.1
Project("{FAE04EC0-301F-11D3-BF4B-00C04F79EFBC}") = "IdentityPass.Android", "IdentityPass.Android\IdentityPass.Android.csproj", "{FF7D6DC4-2702-4415-9B3D-EA69F187B382}"
EndProject
Project("{FAE04EC0-301F-11D3-BF4B-00C04F79EFBC}") = "IdentityPass.iOS", "IdentityPass.iOS\IdentityPass.iOS.csproj", "{38EAC8B3-5164-46D0-B6B9-50E94ED54EF7}"
EndProject
Project("{FAE04EC0-301F-11D3-BF4B-00C04F79EFBC}") = "IdentityPass", "IdentityPass\IdentityPass.csproj", "{C836906A-CA12-4605-9F60-E9AA0700E182}"
EndProject
Global
	GlobalSection(SolutionConfigurationPlatforms) = preSolution
		Debug|Any CPU = Debug|Any CPU
		Debug|iPhone = Debug|iPhone
		Debug|iPhoneSimulator = Debug|iPhoneSimulator
		Release|Any CPU = Release|Any CPU
		Release|iPhone = Release|iPhone
		Release|iPhoneSimulator = Release|iPhoneSimulator
	EndGlobalSection
	GlobalSection(ProjectConfigurationPlatforms) = postSolution
		{FF7D6DC4-2702-4415-9B3D-EA69F187B382}.Debug|Any CPU.ActiveCfg = Debug|Any CPU
		{FF7D6DC4-2702-4415-9B3D-EA69F187B382}.Debug|Any CPU.Build.0 = Debug|Any CPU
		{FF7D6DC4-2702-4415-9B3D-EA69F187B382}.Debug|Any CPU.Deploy.0 = Debug|Any CPU
		{FF7D6DC4-2702-4415-9B3D-EA69F187B382}.Debug|iPhone.ActiveCfg = Debug|Any CPU
		{FF7D6DC4-2702-4415-9B3D-EA69F187B382}.Debug|iPhone.Build.0 = Debug|Any CPU
		{FF7D6DC4-2702-4415-9B3D-EA69F187B382}.Debug|iPhone.Deploy.0 = Debug|Any CPU
		{FF7D6DC4-2702-4415-9B3D-EA69F187B382}.Debug|iPhoneSimulator.ActiveCfg = Debug|Any CPU
		{FF7D6DC4-2702-4415-9B3D-EA69F187B382}.Debug|iPhoneSimulator.Build.0 = Debug|Any CPU
		{FF7D6DC4-2702-4415-9B3D-EA69F187B382}.Debug|iPhoneSimulator.Deploy.0 = Debug|Any CPU
		{FF7D6DC4-2702-4415-9B3D-EA69F187B382}.Release|Any CPU.ActiveCfg = Release|Any CPU
		{FF7D6DC4-2702-4415-9B3D-EA69F187B382}.Release|Any CPU.Build.0 = Release|Any CPU
		{FF7D6DC4-2702-4415-9B3D-EA69F187B382}.Release|Any CPU.Deploy.0 = Release|Any CPU
		{FF7D6DC4-2702-4415-9B3D-EA69F187B382}.Release|iPhone.ActiveCfg = Release|Any CPU
		{FF7D6DC4-2702-4415-9B3D-EA69F187B382}.Release|iPhone.Build.0 = Release|Any CPU
		{FF7D6DC4-2702-4415-9B3D-EA69F187B382}.Release|iPhone.Deploy.0 = Release|Any CPU
		{FF7D6DC4-2702-4415-9B3D-EA69F187B382}.Release|iPhoneSimulator.ActiveCfg = Release|Any CPU
		{FF7D6DC4-2702-4415-9B3D-EA69F187B382}.Release|iPhoneSimulator.Build.0 = Release|Any CPU
		{FF7D6DC4-2702-4415-9B3D-EA69F187B382}.Release|iPhoneSimulator.Deploy.0 = Release|Any CPU
		{38EAC8B3-5164-46D0-B6B9-50E94ED54EF7}.Debug|Any CPU.ActiveCfg = Debug|iPhone
		{38EAC8B3-5164-46D0-B6B9-50E94ED54EF7}.Debug|Any CPU.Build.0 = Debug|iPhone
		{38EAC8B3-5164-46D0-B6B9-50E94ED54EF7}.Debug|Any CPU.Deploy.0 = Debug|iPhone
		{38EAC8B3-5164-46D0-B6B9-50E94ED54EF7}.Debug|iPhone.ActiveCfg = Debug|iPhone
		{38EAC8B3-5164-46D0-B6B9-50E94ED54EF7}.Debug|iPhone.Build.0 = Debug|iPhone
		{38EAC8B3-5164-46D0-B6B9-50E94ED54EF7}.Debug|iPhone.Deploy.0 = Debug|iPhone
		{38EAC8B3-5164-46D0-B6B9-50E94ED54EF7}.Debug|iPhoneSimulator.ActiveCfg = Debug|iPhoneSimulator
		{38EAC8B3-5164-46D0-B6B9-50E94ED54EF7}.Debug|iPhoneSimulator.Build.0 = Debug|iPhoneSimulator
		{38EAC8B3-5164-46D0-B6B9-50E94ED54EF7}.Debug|iPhoneSimulator.Deploy.0 = Debug|iPhoneSimulator
		{38EAC8B3-5164-46D0-B6B9-50E94ED54EF7}.Release|Any CPU.ActiveCfg = Release|iPhoneSimulator
		{38EAC8B3-5164-46D0-B6B9-50E94ED54EF7}.Release|Any CPU.Build.0 = Release|iPhoneSimulator
		{38EAC8B3-5164-46D0-B6B9-50E94ED54EF7}.Release|Any CPU.Deploy.0 = Release|iPhoneSimulator
		{38EAC8B3-5164-46D0-B6B9-50E94ED54EF7}.Release|iPhone.ActiveCfg = Release|iPhone
		{38EAC8B3-5164-46D0-B6B9-50E94ED54EF7}.Release|iPhone.Build.0 = Release|iPhone
		{38EAC8B3-5164-46D0-B6B9-50E94ED54EF7}.Release|iPhone.Deploy.0 = Release|iPhone
		{38EAC8B3-5164-46D0-B6B9-50E94ED54EF7}.Release|iPhoneSimulator.ActiveCfg = Release|iPhoneSimulator
		{38EAC8B3-5164-46D0-B6B9-50E94ED54EF7}.Release|iPhoneSimulator.Build.0 = Release|iPhoneSimulator
		{38EAC8B3-5164-46D0-B6B9-50E94ED54EF7}.Release|iPhoneSimulator.Deploy.0 = Release|iPhoneSimulator
		{C836906A-CA12-4605-9F60-E9AA0700E182}.Debug|Any CPU.ActiveCfg = Debug|Any CPU
		{C836906A-CA12-4605-9F60-E9AA0700E182}.Debug|Any CPU.Build.0 = Debug|Any CPU
		{C836906A-CA12-4605-9F60-E9AA0700E182}.Debug|Any CPU.Deploy.0 = Debug|Any CPU
		{C836906A-CA12-4605-9F60-E9AA0700E182}.Debug|iPhone.ActiveCfg = Debug|Any CPU
		{C836906A-CA12-4605-9F60-E9AA0700E182}.Debug|iPhone.Build.0 = Debug|Any CPU
		{C836906A-CA12-4605-9F60-E9AA0700E182}.Debug|iPhone.Deploy.0 = Debug|Any CPU
		{C836906A-CA12-4605-9F60-E9AA0700E182}.Debug|iPhoneSimulator.ActiveCfg = Debug|Any CPU
		{C836906A-CA12-4605-9F60-E9AA0700E182}.Debug|iPhoneSimulator.Build.0 = Debug|Any CPU
		{C836906A-CA12-4605-9F60-E9AA0700E182}.Debug|iPhoneSimulator.Deploy.0 = Debug|Any CPU
		{C836906A-CA12-4605-9F60-E9AA0700E182}.Release|Any CPU.ActiveCfg = Release|Any CPU
		{C836906A-CA12-4605-9F60-E9AA0700E182}.Release|Any CPU.Build.0 = Release|Any CPU
		{C836906A-CA12-4605-9F60-E9AA0700E182}.Release|Any CPU.Deploy.0 = Release|Any CPU
		{C836906A-CA12-4605-9F60-E9AA0700E182}.Release|iPhone.ActiveCfg = Release|Any CPU
		{C836906A-CA12-4605-9F60-E9AA0700E182}.Release|iPhone.Build.0 = Release|Any CPU
		{C836906A-CA12-4605-9F60-E9AA0700E182}.Release|iPhone.Deploy.0 = Release|Any CPU
		{C836906A-CA12-4605-9F60-E9AA0700E182}.Release|iPhoneSimulator.ActiveCfg = Release|Any CPU
		{C836906A-CA12-4605-9F60-E9AA0700E182}.Release|iPhoneSimulator.Build.0 = Release|Any CPU
		{C836906A-CA12-4605-9F60-E9AA0700E182}.Release|iPhoneSimulator.Deploy.0 = Release|Any CPU
	EndGlobalSection
	GlobalSection(SolutionProperties) = preSolution
		HideSolutionNode = FALSE
	EndGlobalSection
	GlobalSection(ExtensibilityGlobals) = postSolution
		SolutionGuid = {5F1D73FD-B493-4752-A4F0-7F5417899282}
	EndGlobalSection
EndGlobal
